
Microsoft Visual Studio Solution File, Format Version 12.00
# Visual Studio Version 16
VisualStudioVersion = 16.0.33529.622
MinimumVisualStudioVersion = 10.0.40219.1
Project("{FAE04EC0-301F-11D3-BF4B-00C04F79EFBC}") = "Teszt", "Teszt\Teszt.csproj", "{3EE55048-3E27-4980-8707-EDC2B4C97468}"
EndProject
Project("{FAE04EC0-301F-11D3-BF4B-00C04F79EFBC}") = "Teszt2", "Teszt2\Teszt2.csproj", "{93E0B744-A25C-492A-A668-1856DB7D3338}"
EndProject
Project("{FAE04EC0-301F-11D3-BF4B-00C04F79EFBC}") = "Kor", "Kor\Kor.csproj", "{B8B9BA9D-4917-4F7B-804A-E4278357E923}"
EndProject
Project("{FAE04EC0-301F-11D3-BF4B-00C04F79EFBC}") = "KorUnitTest", "KorUnitTest\KorUnitTest.csproj", "{AC6A66E9-EBD2-4E75-98DB-E8A26CCD0030}"
EndProject
Global
	GlobalSection(SolutionConfigurationPlatforms) = preSolution
		Debug|Any CPU = Debug|Any CPU
		Release|Any CPU = Release|Any CPU
	EndGlobalSection
	GlobalSection(ProjectConfigurationPlatforms) = postSolution
		{3EE55048-3E27-4980-8707-EDC2B4C97468}.Debug|Any CPU.ActiveCfg = Debug|Any CPU
		{3EE55048-3E27-4980-8707-EDC2B4C97468}.Debug|Any CPU.Build.0 = Debug|Any CPU
		{3EE55048-3E27-4980-8707-EDC2B4C97468}.Release|Any CPU.ActiveCfg = Release|Any CPU
		{3EE55048-3E27-4980-8707-EDC2B4C97468}.Release|Any CPU.Build.0 = Release|Any CPU
		{93E0B744-A25C-492A-A668-1856DB7D3338}.Debug|Any CPU.ActiveCfg = Debug|Any CPU
		{93E0B744-A25C-492A-A668-1856DB7D3338}.Debug|Any CPU.Build.0 = Debug|Any CPU
		{93E0B744-A25C-492A-A668-1856DB7D3338}.Release|Any CPU.ActiveCfg = Release|Any CPU
		{93E0B744-A25C-492A-A668-1856DB7D3338}.Release|Any CPU.Build.0 = Release|Any CPU
		{B8B9BA9D-4917-4F7B-804A-E4278357E923}.Debug|Any CPU.ActiveCfg = Debug|Any CPU
		{B8B9BA9D-4917-4F7B-804A-E4278357E923}.Debug|Any CPU.Build.0 = Debug|Any CPU
		{B8B9BA9D-4917-4F7B-804A-E4278357E923}.Release|Any CPU.ActiveCfg = Release|Any CPU
		{B8B9BA9D-4917-4F7B-804A-E4278357E923}.Release|Any CPU.Build.0 = Release|Any CPU
		{AC6A66E9-EBD2-4E75-98DB-E8A26CCD0030}.Debug|Any CPU.ActiveCfg = Debug|Any CPU
		{AC6A66E9-EBD2-4E75-98DB-E8A26CCD0030}.Debug|Any CPU.Build.0 = Debug|Any CPU
		{AC6A66E9-EBD2-4E75-98DB-E8A26CCD0030}.Release|Any CPU.ActiveCfg = Release|Any CPU
		{AC6A66E9-EBD2-4E75-98DB-E8A26CCD0030}.Release|Any CPU.Build.0 = Release|Any CPU
	EndGlobalSection
	GlobalSection(SolutionProperties) = preSolution
		HideSolutionNode = FALSE
	EndGlobalSection
	GlobalSection(ExtensibilityGlobals) = postSolution
		SolutionGuid = {58D88789-A09D-47B0-9B6C-C66C3AFB6D42}
	EndGlobalSection
EndGlobal
